
Microsoft Visual Studio Solution File, Format Version 12.00
# Visual Studio Version 17
VisualStudioVersion = 17.6.33815.320
MinimumVisualStudioVersion = 10.0.40219.1
Project("{FAE04EC0-301F-11D3-BF4B-00C04F79EFBC}") = "Expense_Management_Software", "Expense_Management_Software.csproj", "{B1DD89B1-3CC2-4DA9-BE6A-AAD7ACF3E603}"
EndProject
Global
	GlobalSection(SolutionConfigurationPlatforms) = preSolution
		Debug|Any CPU = Debug|Any CPU
		Release|Any CPU = Release|Any CPU
	EndGlobalSection
	GlobalSection(ProjectConfigurationPlatforms) = postSolution
		{B1DD89B1-3CC2-4DA9-BE6A-AAD7ACF3E603}.Debug|Any CPU.ActiveCfg = Debug|Any CPU
		{B1DD89B1-3CC2-4DA9-BE6A-AAD7ACF3E603}.Debug|Any CPU.Build.0 = Debug|Any CPU
		{B1DD89B1-3CC2-4DA9-BE6A-AAD7ACF3E603}.Release|Any CPU.ActiveCfg = Release|Any CPU
		{B1DD89B1-3CC2-4DA9-BE6A-AAD7ACF3E603}.Release|Any CPU.Build.0 = Release|Any CPU
	EndGlobalSection
	GlobalSection(SolutionProperties) = preSolution
		HideSolutionNode = FALSE
	EndGlobalSection
	GlobalSection(ExtensibilityGlobals) = postSolution
		SolutionGuid = {6C55E990-AAFB-4128-962E-9743EA9DEC77}
	EndGlobalSection
EndGlobal
